
Microsoft Visual Studio Solution File, Format Version 12.00
# Visual Studio 15
VisualStudioVersion = 15.0.28307.1927
MinimumVisualStudioVersion = 10.0.40219.1
Project("{8BC9CEB8-8B4A-11D0-8D11-00A0C91BC942}") = "Renderer", "Forge\Renderer\Renderer.vcxproj", "{DB6193E0-3C12-450F-B344-DC4DAED8C421}"
	ProjectSection(ProjectDependencies) = postProject
		{F3C4507C-E714-4773-AF45-5FA9FB0BB4AF} = {F3C4507C-E714-4773-AF45-5FA9FB0BB4AF}
	EndProjectSection
EndProject
Project("{8BC9CEB8-8B4A-11D0-8D11-00A0C91BC942}") = "SpirvTools", "Forge\SpirvTools\SpirvCross.vcxproj", "{F3C4507C-E714-4773-AF45-5FA9FB0BB4AF}"
EndProject
Project("{8BC9CEB8-8B4A-11D0-8D11-00A0C91BC942}") = "OS", "Forge\OS\OS.vcxproj", "{30DD3D57-0026-48C8-BFD1-6392F319E23A}"
	ProjectSection(ProjectDependencies) = postProject
		{C5D0E437-7C52-3132-80E6-3CBE834313EF} = {C5D0E437-7C52-3132-80E6-3CBE834313EF}
	EndProjectSection
EndProject
Project("{8BC9CEB8-8B4A-11D0-8D11-00A0C91BC942}") = "gainputstatic", "..\Common_3\ThirdParty\OpenSource\gainput\Win64\lib\gainputstatic.vcxproj", "{C5D0E437-7C52-3132-80E6-3CBE834313EF}"
EndProject
Project("{2150E333-8FDC-42A3-9474-1A3956D46DE8}") = "Forge", "Forge", "{37088928-D587-44A7-9012-BB0A0105782E}"
EndProject
Project("{2150E333-8FDC-42A3-9474-1A3956D46DE8}") = "Playground", "Playground", "{0AE8B26B-E450-4835-A568-74DD65EFD953}"
EndProject
Project("{8BC9CEB8-8B4A-11D0-8D11-00A0C91BC942}") = "00_Base", "Playground\00_Base\00_Base.vcxproj", "{2FBF5534-B158-4655-87D7-542954810EA5}"
	ProjectSection(ProjectDependencies) = postProject
		{C5D0E437-7C52-3132-80E6-3CBE834313EF} = {C5D0E437-7C52-3132-80E6-3CBE834313EF}
		{30DD3D57-0026-48C8-BFD1-6392F319E23A} = {30DD3D57-0026-48C8-BFD1-6392F319E23A}
		{F3C4507C-E714-4773-AF45-5FA9FB0BB4AF} = {F3C4507C-E714-4773-AF45-5FA9FB0BB4AF}
		{DB6193E0-3C12-450F-B344-DC4DAED8C421} = {DB6193E0-3C12-450F-B344-DC4DAED8C421}
	EndProjectSection
EndProject
Global
	GlobalSection(SolutionConfigurationPlatforms) = preSolution
		Debug|x64 = Debug|x64
		Debug|x86 = Debug|x86
		Release|x64 = Release|x64
		Release|x86 = Release|x86
	EndGlobalSection
	GlobalSection(ProjectConfigurationPlatforms) = postSolution
		{DB6193E0-3C12-450F-B344-DC4DAED8C421}.Debug|x64.ActiveCfg = Debug|x64
		{DB6193E0-3C12-450F-B344-DC4DAED8C421}.Debug|x64.Build.0 = Debug|x64
		{DB6193E0-3C12-450F-B344-DC4DAED8C421}.Debug|x86.ActiveCfg = Debug|x64
		{DB6193E0-3C12-450F-B344-DC4DAED8C421}.Release|x64.ActiveCfg = Release|x64
		{DB6193E0-3C12-450F-B344-DC4DAED8C421}.Release|x64.Build.0 = Release|x64
		{DB6193E0-3C12-450F-B344-DC4DAED8C421}.Release|x86.ActiveCfg = Release|x64
		{F3C4507C-E714-4773-AF45-5FA9FB0BB4AF}.Debug|x64.ActiveCfg = Debug|x64
		{F3C4507C-E714-4773-AF45-5FA9FB0BB4AF}.Debug|x64.Build.0 = Debug|x64
		{F3C4507C-E714-4773-AF45-5FA9FB0BB4AF}.Debug|x86.ActiveCfg = Debug|x64
		{F3C4507C-E714-4773-AF45-5FA9FB0BB4AF}.Release|x64.ActiveCfg = Release|x64
		{F3C4507C-E714-4773-AF45-5FA9FB0BB4AF}.Release|x64.Build.0 = Release|x64
		{F3C4507C-E714-4773-AF45-5FA9FB0BB4AF}.Release|x86.ActiveCfg = Release|x64
		{30DD3D57-0026-48C8-BFD1-6392F319E23A}.Debug|x64.ActiveCfg = Debug|x64
		{30DD3D57-0026-48C8-BFD1-6392F319E23A}.Debug|x64.Build.0 = Debug|x64
		{30DD3D57-0026-48C8-BFD1-6392F319E23A}.Debug|x86.ActiveCfg = Debug|x64
		{30DD3D57-0026-48C8-BFD1-6392F319E23A}.Release|x64.ActiveCfg = Release|x64
		{30DD3D57-0026-48C8-BFD1-6392F319E23A}.Release|x64.Build.0 = Release|x64
		{30DD3D57-0026-48C8-BFD1-6392F319E23A}.Release|x86.ActiveCfg = Release|x64
		{C5D0E437-7C52-3132-80E6-3CBE834313EF}.Debug|x64.ActiveCfg = Debug|x64
		{C5D0E437-7C52-3132-80E6-3CBE834313EF}.Debug|x64.Build.0 = Debug|x64
		{C5D0E437-7C52-3132-80E6-3CBE834313EF}.Debug|x86.ActiveCfg = Debug|x64
		{C5D0E437-7C52-3132-80E6-3CBE834313EF}.Release|x64.ActiveCfg = Release|x64
		{C5D0E437-7C52-3132-80E6-3CBE834313EF}.Release|x64.Build.0 = Release|x64
		{C5D0E437-7C52-3132-80E6-3CBE834313EF}.Release|x86.ActiveCfg = Release|x64
		{2FBF5534-B158-4655-87D7-542954810EA5}.Debug|x64.ActiveCfg = Debug|x64
		{2FBF5534-B158-4655-87D7-542954810EA5}.Debug|x64.Build.0 = Debug|x64
		{2FBF5534-B158-4655-87D7-542954810EA5}.Debug|x86.ActiveCfg = Debug|x64
		{2FBF5534-B158-4655-87D7-542954810EA5}.Release|x64.ActiveCfg = Release|x64
		{2FBF5534-B158-4655-87D7-542954810EA5}.Release|x64.Build.0 = Release|x64
		{2FBF5534-B158-4655-87D7-542954810EA5}.Release|x86.ActiveCfg = Release|x64
	EndGlobalSection
	GlobalSection(SolutionProperties) = preSolution
		HideSolutionNode = FALSE
	EndGlobalSection
	GlobalSection(NestedProjects) = preSolution
		{DB6193E0-3C12-450F-B344-DC4DAED8C421} = {37088928-D587-44A7-9012-BB0A0105782E}
		{F3C4507C-E714-4773-AF45-5FA9FB0BB4AF} = {37088928-D587-44A7-9012-BB0A0105782E}
		{30DD3D57-0026-48C8-BFD1-6392F319E23A} = {37088928-D587-44A7-9012-BB0A0105782E}
		{C5D0E437-7C52-3132-80E6-3CBE834313EF} = {37088928-D587-44A7-9012-BB0A0105782E}
		{2FBF5534-B158-4655-87D7-542954810EA5} = {0AE8B26B-E450-4835-A568-74DD65EFD953}
	EndGlobalSection
	GlobalSection(ExtensibilityGlobals) = postSolution
		SolutionGuid = {D5514FAF-5CA3-4E33-A5A7-56F584E87B6A}
	EndGlobalSection
EndGlobal
